<?xml version="1.0" encoding="utf-8"?>
<Project ToolsVersion="4.0" xmlns="http://schemas.microsoft.com/developer/msbuild/2003">
  <ItemGroup>
    <Filter Include="ソース ファイル">
      <UniqueIdentifier>{4FC737F1-C7A5-4376-A066-2A32D752A2FF}</UniqueIdentifier>
      <Extensions>cpp;c;cc;cxx;c++;cppm;ixx;def;odl;idl;hpj;bat;asm;asmx</Extensions>
    </Filter>
    <Filter Include="リソース ファイル">
      <UniqueIdentifier>{67DA6AB6-F800-4c08-8B7A-83BB121AAD01}</UniqueIdentifier>
      <Extensions>rc;ico;cur;bmp;dlg;rc2;rct;bin;rgs;gif;jpg;jpeg;jpe;resx;tiff;tif;png;wav;mfcribbon-ms</Extensions>
    </Filter>
    <Filter Include="シェーダーファイル">
      <UniqueIdentifier>{7e5584a5-2895-4181-9eaf-f65622106b57}</UniqueIdentifier>
    </Filter>
    <Filter Include="ソース ファイル\ApplicationCode">
      <UniqueIdentifier>{a4d05284-6520-4c60-95a7-2071f58c4703}</UniqueIdentifier>
    </Filter>
    <Filter Include="シェーダーファイル\PostEffect">
      <UniqueIdentifier>{983a7151-bfc4-4521-96f6-f6f05ec7612b}</UniqueIdentifier>
    </Filter>
    <Filter Include="シェーダーファイル\Object3d">
      <UniqueIdentifier>{4ad2c320-ca6f-45b1-8a09-61c80b4bf5a9}</UniqueIdentifier>
    </Filter>
    <Filter Include="シェーダーファイル\Object3d\obj">
      <UniqueIdentifier>{a965b246-c296-46f2-9cfd-930340d71a53}</UniqueIdentifier>
    </Filter>
    <Filter Include="シェーダーファイル\Object3d\fbx">
      <UniqueIdentifier>{a17ae3e3-a5cf-45fe-baa1-7c512e667339}</UniqueIdentifier>
    </Filter>
    <Filter Include="シェーダーファイル\Particle">
      <UniqueIdentifier>{6560b6fd-77ce-4ee2-9a53-bcd767e276b1}</UniqueIdentifier>
    </Filter>
    <Filter Include="シェーダーファイル\Object2d">
      <UniqueIdentifier>{660667d0-67f6-4419-809c-6ce0a03d5ffc}</UniqueIdentifier>
    </Filter>
    <Filter Include="ソース ファイル\ApplicationCode\Bosses">
      <UniqueIdentifier>{3b5e0996-b1ed-47a4-8642-59c350b4e352}</UniqueIdentifier>
    </Filter>
    <Filter Include="ソース ファイル\ApplicationCode\CameraMove">
      <UniqueIdentifier>{f592ee56-c219-4ab0-b5d8-f5db7062530d}</UniqueIdentifier>
    </Filter>
    <Filter Include="ソース ファイル\ApplicationCode\Enemy">
      <UniqueIdentifier>{7ef8022d-10d5-48f7-ab06-0f2aa77c548e}</UniqueIdentifier>
    </Filter>
    <Filter Include="ソース ファイル\ApplicationCode\Players">
      <UniqueIdentifier>{b205d163-4af7-475a-986b-0333913103b4}</UniqueIdentifier>
    </Filter>
    <Filter Include="ソース ファイル\ApplicationCode\Scenes">
      <UniqueIdentifier>{11c58c4c-1aef-443c-a14c-3fd1cf4b224d}</UniqueIdentifier>
    </Filter>
    <Filter Include="ソース ファイル\ApplicationCode\Effects">
      <UniqueIdentifier>{7710b8cc-52db-42fc-9fed-b3bf3463a823}</UniqueIdentifier>
    </Filter>
    <Filter Include="ソース ファイル\ApplicationCode\Maths">
      <UniqueIdentifier>{d99440e2-5b7e-4db4-a8b9-a8e6a26c7180}</UniqueIdentifier>
    </Filter>
    <Filter Include="ソース ファイル\ApplicationCode\UI">
      <UniqueIdentifier>{47caeb62-7ef3-439b-a6e0-9a073b607dfe}</UniqueIdentifier>
    </Filter>
    <Filter Include="ソース ファイル\Engine">
      <UniqueIdentifier>{c517ccdc-683d-411b-9fa7-f0fb962d50ca}</UniqueIdentifier>
    </Filter>
    <Filter Include="ソース ファイル\Engine\Audio">
      <UniqueIdentifier>{632a0e9d-6b94-409e-9cd8-996819413e50}</UniqueIdentifier>
    </Filter>
    <Filter Include="ソース ファイル\Engine\Base">
      <UniqueIdentifier>{a336040f-fd8f-443e-8eec-4a835844b34b}</UniqueIdentifier>
    </Filter>
    <Filter Include="ソース ファイル\Engine\Camera">
      <UniqueIdentifier>{fbd2e930-443a-42c9-ab54-92ce3fe597da}</UniqueIdentifier>
    </Filter>
    <Filter Include="ソース ファイル\Engine\FBX">
      <UniqueIdentifier>{93d44c8d-931c-481a-b184-8fe7a1adda9e}</UniqueIdentifier>
    </Filter>
    <Filter Include="ソース ファイル\Engine\Input">
      <UniqueIdentifier>{ef4dceb1-9093-400b-988c-cd221c6d8b2e}</UniqueIdentifier>
    </Filter>
    <Filter Include="ソース ファイル\Engine\Light">
      <UniqueIdentifier>{ed6614da-b37d-46d0-bfdf-be9bb58fcfc4}</UniqueIdentifier>
    </Filter>
    <Filter Include="ソース ファイル\Engine\Object2d">
      <UniqueIdentifier>{517fe389-7a70-4a1c-9782-cc5888d0316c}</UniqueIdentifier>
    </Filter>
    <Filter Include="ソース ファイル\Engine\Object3d">
      <UniqueIdentifier>{ba496a77-61e5-4391-ba80-8710154294fb}</UniqueIdentifier>
    </Filter>
    <Filter Include="ソース ファイル\Engine\Texture">
      <UniqueIdentifier>{2428a05e-5ceb-4f60-bcbe-4b3ac1355f78}</UniqueIdentifier>
    </Filter>
    <Filter Include="ソース ファイル\ApplicationCode\Enemy\Base">
      <UniqueIdentifier>{83777728-e2c2-4d56-b4b9-35ac310b06de}</UniqueIdentifier>
    </Filter>
    <Filter Include="ソース ファイル\ApplicationCode\Enemy\Derivative">
      <UniqueIdentifier>{4c8aaada-19f4-464e-b964-9216abf7f7fb}</UniqueIdentifier>
    </Filter>
    <Filter Include="ソース ファイル\ApplicationCode\Collision">
      <UniqueIdentifier>{5f4982f8-2bc4-4258-82cc-fb1a3a14435e}</UniqueIdentifier>
    </Filter>
    <Filter Include="ソース ファイル\ApplicationCode\Shake">
      <UniqueIdentifier>{2d71da12-0523-41f6-9811-20ef8a0d049b}</UniqueIdentifier>
    </Filter>
    <Filter Include="ソース ファイル\ApplicationCode\Item">
      <UniqueIdentifier>{81adeeb8-f88e-48ff-bac6-36f9a3e5ac48}</UniqueIdentifier>
    </Filter>
    <Filter Include="ソース ファイル\ApplicationCode\GameMap">
      <UniqueIdentifier>{a68b8726-d559-4235-8f86-7bb9548b413f}</UniqueIdentifier>
    </Filter>
    <Filter Include="ソース ファイル\ApplicationCode\Players\Skill">
      <UniqueIdentifier>{98a0d155-bb03-4d41-a77b-20ef87ca8318}</UniqueIdentifier>
    </Filter>
  </ItemGroup>
  <ItemGroup>
    <ClCompile Include="main.cpp">
      <Filter>ソース ファイル</Filter>
    </ClCompile>
    <ClCompile Include="Engine\Audio\Sound.cpp">
      <Filter>ソース ファイル\Engine\Audio</Filter>
    </ClCompile>
    <ClCompile Include="Engine\Base\DirectXSetting.cpp">
      <Filter>ソース ファイル\Engine\Base</Filter>
    </ClCompile>
    <ClCompile Include="Engine\Base\Quaternion.cpp">
      <Filter>ソース ファイル\Engine\Base</Filter>
    </ClCompile>
    <ClCompile Include="Engine\Base\Vector3.cpp">
      <Filter>ソース ファイル\Engine\Base</Filter>
    </ClCompile>
    <ClCompile Include="Engine\Base\WinApp.cpp">
      <Filter>ソース ファイル\Engine\Base</Filter>
    </ClCompile>
    <ClCompile Include="Engine\Camera\Camera.cpp">
      <Filter>ソース ファイル\Engine\Camera</Filter>
    </ClCompile>
    <ClCompile Include="Engine\FBX\FbxLoader.cpp">
      <Filter>ソース ファイル\Engine\FBX</Filter>
    </ClCompile>
    <ClCompile Include="Engine\FBX\FBXModel.cpp">
      <Filter>ソース ファイル\Engine\FBX</Filter>
    </ClCompile>
    <ClCompile Include="Engine\FBX\FBXObject3d.cpp">
      <Filter>ソース ファイル\Engine\FBX</Filter>
    </ClCompile>
    <ClCompile Include="Engine\Input\KeyInput.cpp">
      <Filter>ソース ファイル\Engine\Input</Filter>
    </ClCompile>
    <ClCompile Include="Engine\Input\MouseInput.cpp">
      <Filter>ソース ファイル\Engine\Input</Filter>
    </ClCompile>
    <ClCompile Include="Engine\Input\PadInput.cpp">
      <Filter>ソース ファイル\Engine\Input</Filter>
    </ClCompile>
    <ClCompile Include="Engine\Object2d\DebugText.cpp">
      <Filter>ソース ファイル\Engine\Object2d</Filter>
    </ClCompile>
    <ClCompile Include="Engine\Object2d\PostEffect.cpp">
      <Filter>ソース ファイル\Engine\Object2d</Filter>
    </ClCompile>
    <ClCompile Include="Engine\Object2d\Sprite.cpp">
      <Filter>ソース ファイル\Engine\Object2d</Filter>
    </ClCompile>
    <ClCompile Include="Engine\Object3d\Collision.cpp">
      <Filter>ソース ファイル\Engine\Object3d</Filter>
    </ClCompile>
    <ClCompile Include="Engine\Object3d\MapChip.cpp">
      <Filter>ソース ファイル\Engine\Object3d</Filter>
    </ClCompile>
    <ClCompile Include="Engine\Object3d\Model.cpp">
      <Filter>ソース ファイル\Engine\Object3d</Filter>
    </ClCompile>
    <ClCompile Include="Engine\Object3d\ModelManager.cpp">
      <Filter>ソース ファイル\Engine\Object3d</Filter>
    </ClCompile>
    <ClCompile Include="Engine\Object3d\Object3d.cpp">
      <Filter>ソース ファイル\Engine\Object3d</Filter>
    </ClCompile>
    <ClCompile Include="Engine\Object2d\ImageManager.cpp">
      <Filter>ソース ファイル\Engine\Object2d</Filter>
    </ClCompile>
    <ClCompile Include="Engine\Object3d\Shapes.cpp">
      <Filter>ソース ファイル\Engine\Object3d</Filter>
    </ClCompile>
    <ClCompile Include="Engine\Object3d\ParticleManager.cpp">
      <Filter>ソース ファイル\Engine\Object3d</Filter>
    </ClCompile>
    <ClCompile Include="Engine\Object3d\BaseLight.cpp">
      <Filter>ソース ファイル\Engine\Object3d</Filter>
    </ClCompile>
    <ClCompile Include="Engine\Light\LightGroup.cpp">
      <Filter>ソース ファイル\Engine\Light</Filter>
    </ClCompile>
    <ClCompile Include="Engine\Object2d\TextDraw.cpp">
      <Filter>ソース ファイル\Engine\Object2d</Filter>
    </ClCompile>
    <ClCompile Include="Engine\Audio\SoundManager.cpp">
      <Filter>ソース ファイル\Engine\Audio</Filter>
    </ClCompile>
    <ClCompile Include="Engine\Base\JsonLoader.cpp">
      <Filter>ソース ファイル\Engine\Base</Filter>
    </ClCompile>
    <ClCompile Include="Engine\Base\ExternalFileLoader.cpp">
      <Filter>ソース ファイル\Engine\Base</Filter>
    </ClCompile>
    <ClCompile Include="ApplicationCode\Players\Player.cpp">
      <Filter>ソース ファイル\ApplicationCode\Players</Filter>
    </ClCompile>
    <ClCompile Include="ApplicationCode\Maths\MotionMath.cpp">
      <Filter>ソース ファイル\ApplicationCode\Maths</Filter>
    </ClCompile>
    <ClCompile Include="ApplicationCode\Scenes\SceneManager.cpp">
      <Filter>ソース ファイル\ApplicationCode\Scenes</Filter>
    </ClCompile>
    <ClCompile Include="ApplicationCode\Scenes\TitleScene.cpp">
      <Filter>ソース ファイル\ApplicationCode\Scenes</Filter>
    </ClCompile>
    <ClCompile Include="ApplicationCode\Scenes\GameScene.cpp">
      <Filter>ソース ファイル\ApplicationCode\Scenes</Filter>
    </ClCompile>
    <ClCompile Include="ApplicationCode\Scenes\ResultScene.cpp">
      <Filter>ソース ファイル\ApplicationCode\Scenes</Filter>
    </ClCompile>
    <ClCompile Include="Engine\Base\Vector2.cpp">
      <Filter>ソース ファイル\Engine\Base</Filter>
    </ClCompile>
    <ClCompile Include="ApplicationCode\UI\Button.cpp">
      <Filter>ソース ファイル\ApplicationCode\UI</Filter>
    </ClCompile>
    <ClCompile Include="Engine\Object2d\ParticleManager2d.cpp">
      <Filter>ソース ファイル\ApplicationCode\Effects</Filter>
    </ClCompile>
    <ClCompile Include="Engine\Object2d\Collision2d.cpp">
      <Filter>ソース ファイル\Engine\Object2d</Filter>
    </ClCompile>
    <ClCompile Include="Engine\Texture\Texture.cpp">
      <Filter>ソース ファイル\Engine\Texture</Filter>
    </ClCompile>
    <ClCompile Include="ApplicationCode\Enemy\BaseEnemy.cpp">
      <Filter>ソース ファイル\ApplicationCode\Enemy\Base</Filter>
    </ClCompile>
    <ClCompile Include="ApplicationCode\Enemy\NormalEnemyA.cpp">
      <Filter>ソース ファイル\ApplicationCode\Enemy\Derivative</Filter>
    </ClCompile>
    <ClCompile Include="ApplicationCode\Collision\CollisionManager.cpp">
      <Filter>ソース ファイル\ApplicationCode\Collision</Filter>
    </ClCompile>
    <ClCompile Include="ApplicationCode\Collision\SphereAndSphere.cpp">
      <Filter>ソース ファイル\ApplicationCode\Collision</Filter>
    </ClCompile>
    <ClCompile Include="Engine\Object3d\CollisionPrimitive.cpp">
      <Filter>ソース ファイル\Engine\Object3d</Filter>
    </ClCompile>
    <ClCompile Include="Engine\Base\CsvLoader.cpp">
      <Filter>ソース ファイル\Engine\Base</Filter>
    </ClCompile>
    <ClCompile Include="ApplicationCode\Shake\Shake.cpp">
      <Filter>ソース ファイル\ApplicationCode\Shake</Filter>
    </ClCompile>
    <ClCompile Include="ApplicationCode\Item\Ore.cpp">
      <Filter>ソース ファイル\ApplicationCode\Item</Filter>
    </ClCompile>
    <ClCompile Include="ApplicationCode\Map\GameMap.cpp">
      <Filter>ソース ファイル\ApplicationCode\GameMap</Filter>
    </ClCompile>
    <ClCompile Include="ApplicationCode\Shake\IwaEffect.cpp">
      <Filter>ソース ファイル\ApplicationCode\Shake</Filter>
    </ClCompile>
    <ClCompile Include="ApplicationCode\Enemy\BossBase.cpp">
      <Filter>ソース ファイル\ApplicationCode\Bosses</Filter>
    </ClCompile>
    <ClCompile Include="ApplicationCode\Enemy\Dogom.cpp">
      <Filter>ソース ファイル\ApplicationCode\Bosses</Filter>
    </ClCompile>
    <ClCompile Include="Engine\Object2d\ObbAndObb.cpp">
      <Filter>ソース ファイル</Filter>
    </ClCompile>
    <ClCompile Include="ApplicationCode\Map\Stairs.cpp">
      <Filter>ソース ファイル\ApplicationCode\GameMap</Filter>
    </ClCompile>
    <ClCompile Include="ApplicationCode\Scenes\BossScene.cpp">
      <Filter>ソース ファイル\ApplicationCode\Scenes</Filter>
    </ClCompile>
    <ClCompile Include="ApplicationCode\Map\IntermediateBase.cpp">
      <Filter>ソース ファイル\ApplicationCode\GameMap</Filter>
    </ClCompile>
    <ClCompile Include="ApplicationCode\Scenes\IBScene.cpp">
      <Filter>ソース ファイル\ApplicationCode\Scenes</Filter>
    </ClCompile>
    <ClCompile Include="ApplicationCode\Scenes\SceneChange.cpp">
      <Filter>ソース ファイル\ApplicationCode\Scenes</Filter>
    </ClCompile>
    <ClCompile Include="ApplicationCode\UI\MessageWindow.cpp">
      <Filter>ソース ファイル\ApplicationCode\UI</Filter>
    </ClCompile>
    <ClCompile Include="ApplicationCode\Scenes\SkillScene.cpp">
      <Filter>ソース ファイル\ApplicationCode\Scenes</Filter>
    </ClCompile>
    <ClCompile Include="ApplicationCode\Item\Deposit.cpp">
      <Filter>ソース ファイル</Filter>
    </ClCompile>
    <ClCompile Include="ApplicationCode\Scenes\TutorialScene.cpp">
      <Filter>ソース ファイル\ApplicationCode\Scenes</Filter>
    </ClCompile>
    <ClCompile Include="ApplicationCode\Map\Grass.cpp">
      <Filter>ソース ファイル</Filter>
    </ClCompile>
    <ClCompile Include="ApplicationCode\Enemy\MunniAction.cpp">
      <Filter>ソース ファイル</Filter>
    </ClCompile>
    <ClCompile Include="ApplicationCode\Enemy\NormalEnemyB.cpp">
      <Filter>ソース ファイル</Filter>
    </ClCompile>
    <ClCompile Include="ApplicationCode\Enemy\Togemaru.cpp">
      <Filter>ソース ファイル</Filter>
    </ClCompile>
    <ClCompile Include="ApplicationCode\Enemy\TogemaruAct.cpp">
      <Filter>ソース ファイル</Filter>
    </ClCompile>
    <ClCompile Include="ApplicationCode\Scenes\SecBossScene.cpp">
      <Filter>ソース ファイル</Filter>
    </ClCompile>
    <ClCompile Include="ApplicationCode\Skills\SkillList.cpp">
      <Filter>ソース ファイル</Filter>
    </ClCompile>
    <ClCompile Include="ApplicationCode\Skills\StatusUpSkill.cpp">
      <Filter>ソース ファイル</Filter>
    </ClCompile>
    <ClCompile Include="ApplicationCode\Players\AttackEffect.cpp">
      <Filter>ソース ファイル\ApplicationCode\Players</Filter>
    </ClCompile>
    <ClCompile Include="ApplicationCode\Skills\SkillList.cpp">
      <Filter>ソース ファイル\ApplicationCode\Players\Skill</Filter>
    </ClCompile>
    <ClCompile Include="ApplicationCode\Skills\StatusUpSkill.cpp">
      <Filter>ソース ファイル\ApplicationCode\Players\Skill</Filter>
    </ClCompile>
    <ClCompile Include="ApplicationCode\Skills\BaseSkill.cpp">
      <Filter>ソース ファイル\ApplicationCode\Players\Skill</Filter>
    </ClCompile>
  </ItemGroup>
  <ItemGroup>
    <ClInclude Include="Engine\Audio\Sound.h">
      <Filter>ソース ファイル\Engine\Audio</Filter>
    </ClInclude>
    <ClInclude Include="Engine\Base\DirectXSetting.h">
      <Filter>ソース ファイル\Engine\Base</Filter>
    </ClInclude>
    <ClInclude Include="Engine\Base\Easing.h">
      <Filter>ソース ファイル\Engine\Base</Filter>
    </ClInclude>
    <ClInclude Include="Engine\Base\Quaternion.h">
      <Filter>ソース ファイル\Engine\Base</Filter>
    </ClInclude>
    <ClInclude Include="Engine\Base\SafeDelete.h">
      <Filter>ソース ファイル\Engine\Base</Filter>
    </ClInclude>
    <ClInclude Include="Engine\Base\Vector3.h">
      <Filter>ソース ファイル\Engine\Base</Filter>
    </ClInclude>
    <ClInclude Include="Engine\Base\WinApp.h">
      <Filter>ソース ファイル\Engine\Base</Filter>
    </ClInclude>
    <ClInclude Include="Engine\Camera\Camera.h">
      <Filter>ソース ファイル\Engine\Camera</Filter>
    </ClInclude>
    <ClInclude Include="Engine\FBX\FbxLoader.h">
      <Filter>ソース ファイル\Engine\FBX</Filter>
    </ClInclude>
    <ClInclude Include="Engine\FBX\FBXModel.h">
      <Filter>ソース ファイル\Engine\FBX</Filter>
    </ClInclude>
    <ClInclude Include="Engine\FBX\FBXObject3d.h">
      <Filter>ソース ファイル\Engine\FBX</Filter>
    </ClInclude>
    <ClInclude Include="Engine\Input\KeyInput.h">
      <Filter>ソース ファイル\Engine\Input</Filter>
    </ClInclude>
    <ClInclude Include="Engine\Input\MouseInput.h">
      <Filter>ソース ファイル\Engine\Input</Filter>
    </ClInclude>
    <ClInclude Include="Engine\Input\PadInput.h">
      <Filter>ソース ファイル\Engine\Input</Filter>
    </ClInclude>
    <ClInclude Include="Engine\Object2d\DebugText.h">
      <Filter>ソース ファイル\Engine\Object2d</Filter>
    </ClInclude>
    <ClInclude Include="Engine\Object2d\PostEffect.h">
      <Filter>ソース ファイル\Engine\Object2d</Filter>
    </ClInclude>
    <ClInclude Include="Engine\Object2d\Sprite.h">
      <Filter>ソース ファイル\Engine\Object2d</Filter>
    </ClInclude>
    <ClInclude Include="Engine\Object3d\Collision.h">
      <Filter>ソース ファイル\Engine\Object3d</Filter>
    </ClInclude>
    <ClInclude Include="Engine\Object3d\MapChip.h">
      <Filter>ソース ファイル\Engine\Object3d</Filter>
    </ClInclude>
    <ClInclude Include="Engine\Object3d\Model.h">
      <Filter>ソース ファイル\Engine\Object3d</Filter>
    </ClInclude>
    <ClInclude Include="Engine\Object3d\ModelManager.h">
      <Filter>ソース ファイル\Engine\Object3d</Filter>
    </ClInclude>
    <ClInclude Include="Engine\Object3d\Object3d.h">
      <Filter>ソース ファイル\Engine\Object3d</Filter>
    </ClInclude>
    <ClInclude Include="Engine\Object2d\ImageManager.h">
      <Filter>ソース ファイル\Engine\Object2d</Filter>
    </ClInclude>
    <ClInclude Include="Engine\Object3d\Shapes.h">
      <Filter>ソース ファイル\Engine\Object3d</Filter>
    </ClInclude>
    <ClInclude Include="Engine\Object3d\ParticleManager.h">
      <Filter>ソース ファイル\Engine\Object3d</Filter>
    </ClInclude>
    <ClInclude Include="Engine\Object3d\BaseLight.h">
      <Filter>ソース ファイル\Engine\Object3d</Filter>
    </ClInclude>
    <ClInclude Include="Engine\Light\DirectionalLight.h">
      <Filter>ソース ファイル\Engine\Light</Filter>
    </ClInclude>
    <ClInclude Include="Engine\Light\LightGroup.h">
      <Filter>ソース ファイル\Engine\Light</Filter>
    </ClInclude>
    <ClInclude Include="Engine\Light\PointLight.h">
      <Filter>ソース ファイル\Engine\Light</Filter>
    </ClInclude>
    <ClInclude Include="Engine\Light\SpotLight.h">
      <Filter>ソース ファイル\Engine\Light</Filter>
    </ClInclude>
    <ClInclude Include="Engine\Light\CircleShadow.h">
      <Filter>ソース ファイル\Engine\Light</Filter>
    </ClInclude>
    <ClInclude Include="Engine\Object2d\TextDraw.h">
      <Filter>ソース ファイル\Engine\Object2d</Filter>
    </ClInclude>
    <ClInclude Include="Engine\Audio\SoundManager.h">
      <Filter>ソース ファイル\Engine\Audio</Filter>
    </ClInclude>
    <ClInclude Include="Engine\Base\JsonLoader.h">
      <Filter>ソース ファイル\Engine\Base</Filter>
    </ClInclude>
    <ClInclude Include="Engine\Base\ExternalFileLoader.h">
      <Filter>ソース ファイル\Engine\Base</Filter>
    </ClInclude>
    <ClInclude Include="ApplicationCode\Maths\MotionMath.h">
      <Filter>ソース ファイル\ApplicationCode\Maths</Filter>
    </ClInclude>
    <ClInclude Include="ApplicationCode\Players\Player.h">
      <Filter>ソース ファイル\ApplicationCode\Players</Filter>
    </ClInclude>
    <ClInclude Include="ApplicationCode\Scenes\BaseScene.h">
      <Filter>ソース ファイル\ApplicationCode\Scenes</Filter>
    </ClInclude>
    <ClInclude Include="ApplicationCode\Scenes\SceneManager.h">
      <Filter>ソース ファイル\ApplicationCode\Scenes</Filter>
    </ClInclude>
    <ClInclude Include="ApplicationCode\Scenes\TitleScene.h">
      <Filter>ソース ファイル\ApplicationCode\Scenes</Filter>
    </ClInclude>
    <ClInclude Include="ApplicationCode\Scenes\GameScene.h">
      <Filter>ソース ファイル\ApplicationCode\Scenes</Filter>
    </ClInclude>
    <ClInclude Include="ApplicationCode\Scenes\ResultScene.h">
      <Filter>ソース ファイル\ApplicationCode\Scenes</Filter>
    </ClInclude>
    <ClInclude Include="Engine\Base\Vector2.h">
      <Filter>ソース ファイル\Engine\Base</Filter>
    </ClInclude>
    <ClInclude Include="ApplicationCode\UI\Button.h">
      <Filter>ソース ファイル\ApplicationCode\UI</Filter>
    </ClInclude>
    <ClInclude Include="Engine\Base\RandCreate.h">
      <Filter>ソース ファイル\Engine\Base</Filter>
    </ClInclude>
    <ClInclude Include="Engine\Object2d\ParticleManager2d.h">
      <Filter>ソース ファイル\ApplicationCode\Effects</Filter>
    </ClInclude>
    <ClInclude Include="Engine\Object2d\Collision2d.h">
      <Filter>ソース ファイル\Engine\Object2d</Filter>
    </ClInclude>
    <ClInclude Include="Engine\Texture\Texture.h">
      <Filter>ソース ファイル\Engine\Texture</Filter>
    </ClInclude>
    <ClInclude Include="ApplicationCode\Enemy\BaseEnemy.h">
      <Filter>ソース ファイル\ApplicationCode\Enemy\Base</Filter>
    </ClInclude>
    <ClInclude Include="ApplicationCode\Enemy\NormalEnemyA.h">
      <Filter>ソース ファイル\ApplicationCode\Enemy\Derivative</Filter>
    </ClInclude>
    <ClInclude Include="ApplicationCode\Collision\BaseCollision.h">
      <Filter>ソース ファイル\ApplicationCode\Collision</Filter>
    </ClInclude>
    <ClInclude Include="ApplicationCode\Collision\CollisionManager.h">
      <Filter>ソース ファイル\ApplicationCode\Collision</Filter>
    </ClInclude>
    <ClInclude Include="ApplicationCode\Collision\SphereAndSphere.h">
      <Filter>ソース ファイル\ApplicationCode\Collision</Filter>
    </ClInclude>
    <ClInclude Include="Engine\Object3d\CollisionPrimitive.h">
      <Filter>ソース ファイル\Engine\Object3d</Filter>
    </ClInclude>
    <ClInclude Include="Engine\Base\CsvLoader.h">
      <Filter>ソース ファイル\Engine\Base</Filter>
    </ClInclude>
    <ClInclude Include="ApplicationCode\Shake\Shake.h">
      <Filter>ソース ファイル\ApplicationCode\Shake</Filter>
    </ClInclude>
    <ClInclude Include="ApplicationCode\Item\Ore.h">
      <Filter>ソース ファイル\ApplicationCode\Item</Filter>
    </ClInclude>
    <ClInclude Include="ApplicationCode\Map\GameMap.h">
      <Filter>ソース ファイル\ApplicationCode\GameMap</Filter>
    </ClInclude>
    <ClInclude Include="ApplicationCode\Shake\IwaEffect.h">
      <Filter>ソース ファイル\ApplicationCode\Shake</Filter>
    </ClInclude>
    <ClInclude Include="ApplicationCode\Enemy\BossBase.h">
      <Filter>ソース ファイル\ApplicationCode\Bosses</Filter>
    </ClInclude>
    <ClInclude Include="ApplicationCode\Enemy\Dogom.h">
      <Filter>ソース ファイル\ApplicationCode\Bosses</Filter>
    </ClInclude>
    <ClInclude Include="Engine\Object2d\ObbAndObb.h" />
    <ClInclude Include="ApplicationCode\Map\Stairs.h">
      <Filter>ソース ファイル\ApplicationCode\GameMap</Filter>
    </ClInclude>
    <ClInclude Include="ApplicationCode\Map\IntermediateBase.h">
      <Filter>ソース ファイル\ApplicationCode\GameMap</Filter>
    </ClInclude>
    <ClInclude Include="Engine\Base\Helper.h" />
    <ClInclude Include="ApplicationCode\Scenes\BossScene.h">
      <Filter>ソース ファイル\ApplicationCode\Scenes</Filter>
    </ClInclude>
    <ClInclude Include="ApplicationCode\Scenes\IBScene.h">
      <Filter>ソース ファイル\ApplicationCode\Scenes</Filter>
    </ClInclude>
    <ClInclude Include="ApplicationCode\Scenes\SceneChange.h">
      <Filter>ソース ファイル\ApplicationCode\Scenes</Filter>
    </ClInclude>
    <ClInclude Include="ApplicationCode\UI\MessageWindow.h">
      <Filter>ソース ファイル\ApplicationCode\UI</Filter>
    </ClInclude>
    <ClInclude Include="ApplicationCode\Scenes\SkillScene.h">
      <Filter>ソース ファイル\ApplicationCode\Scenes</Filter>
    </ClInclude>
    <ClInclude Include="ApplicationCode\Item\Deposit.h" />
    <ClInclude Include="ApplicationCode\Scenes\TutorialScene.h">
      <Filter>ソース ファイル\ApplicationCode\Scenes</Filter>
    </ClInclude>
    <ClInclude Include="ApplicationCode\Map\Grass.h" />
    <ClInclude Include="ApplicationCode\Enemy\MunniAction.h" />
    <ClInclude Include="ApplicationCode\Enemy\NormalEnemyB.h" />
    <ClInclude Include="ApplicationCode\Map\StageCount.h">
      <Filter>ソース ファイル\ApplicationCode\GameMap</Filter>
    </ClInclude>
    <ClInclude Include="ApplicationCode\Enemy\Togemaru.h" />
    <ClInclude Include="ApplicationCode\Enemy\TogemaruAct.h" />
    <ClInclude Include="ApplicationCode\Scenes\SecBossScene.h" />
    <ClInclude Include="ApplicationCode\Skills\ISkill.h" />
    <ClInclude Include="ApplicationCode\Skills\SkillList.h" />
    <ClInclude Include="ApplicationCode\Skills\StatusUpSkill.h" />
    <ClInclude Include="ApplicationCode\Players\AttackEffect.h">
      <Filter>ソース ファイル\ApplicationCode\Players</Filter>
    </ClInclude>
    <ClInclude Include="ApplicationCode\Skills\StatusUpSkill.h">
      <Filter>ソース ファイル\ApplicationCode\Players\Skill</Filter>
    </ClInclude>
    <ClInclude Include="ApplicationCode\Skills\SkillList.h">
      <Filter>ソース ファイル\ApplicationCode\Players\Skill</Filter>
    </ClInclude>
    <ClInclude Include="ApplicationCode\Skills\ISkill.h">
      <Filter>ソース ファイル\ApplicationCode\Players\Skill</Filter>
    </ClInclude>
    <ClInclude Include="ApplicationCode\Skills\BaseSkill.h">
      <Filter>ソース ファイル\ApplicationCode\Players\Skill</Filter>
    </ClInclude>
  </ItemGroup>
  <ItemGroup>
    <ResourceCompile Include="IgaEngine.rc">
      <Filter>リソース ファイル</Filter>
    </ResourceCompile>
  </ItemGroup>
  <ItemGroup>
    <None Include="Engine\Resources\shaders\Object2d\Sprite.hlsli">
      <Filter>シェーダーファイル\Object2d</Filter>
    </None>
    <None Include="Engine\Resources\shaders\Particle\Particle.hlsli">
      <Filter>シェーダーファイル\Particle</Filter>
    </None>
    <None Include="Engine\Resources\shaders\Object3d\fbx\FBX.hlsli">
      <Filter>シェーダーファイル\Object3d\fbx</Filter>
    </None>
    <None Include="Engine\Resources\shaders\PostEffect\PostEffect.hlsli">
      <Filter>シェーダーファイル\PostEffect</Filter>
    </None>
    <None Include="Engine\Resources\shaders\Object3d\obj\Basic.hlsli">
      <Filter>シェーダーファイル\Object3d\obj</Filter>
    </None>
    <None Include="Engine\Resources\shaders\Object3d\obj\BasicShaderHeader.hlsli">
      <Filter>シェーダーファイル\Object3d\obj</Filter>
    </None>
    <None Include="Engine\Resources\shaders\Object2d\Texture.hlsli">
      <Filter>シェーダーファイル\Object2d</Filter>
    </None>
    <None Include="Engine\Resources\shaders\Object3d\obj\OBJShaderHeader.hlsli">
      <Filter>シェーダーファイル\Object3d\obj</Filter>
    </None>
  </ItemGroup>
  <ItemGroup>
    <FxCompile Include="Engine\Resources\shaders\Object2d\SpritePS.hlsl">
      <Filter>シェーダーファイル\Object2d</Filter>
    </FxCompile>
    <FxCompile Include="Engine\Resources\shaders\Object2d\SpriteVS.hlsl">
      <Filter>シェーダーファイル\Object2d</Filter>
    </FxCompile>
    <FxCompile Include="Engine\Resources\shaders\Particle\ParticleGS.hlsl">
      <Filter>シェーダーファイル\Particle</Filter>
    </FxCompile>
    <FxCompile Include="Engine\Resources\shaders\Particle\ParticlePS.hlsl">
      <Filter>シェーダーファイル\Particle</Filter>
    </FxCompile>
    <FxCompile Include="Engine\Resources\shaders\Particle\ParticleVS.hlsl">
      <Filter>シェーダーファイル\Particle</Filter>
    </FxCompile>
    <FxCompile Include="Engine\Resources\shaders\Object3d\fbx\FBXPS.hlsl">
      <Filter>シェーダーファイル\Object3d\fbx</Filter>
    </FxCompile>
    <FxCompile Include="Engine\Resources\shaders\Object3d\fbx\FBXVS.hlsl">
      <Filter>シェーダーファイル\Object3d\fbx</Filter>
    </FxCompile>
    <FxCompile Include="Engine\Resources\shaders\PostEffect\DamageEffect.hlsl">
      <Filter>シェーダーファイル\PostEffect</Filter>
    </FxCompile>
    <FxCompile Include="Engine\Resources\shaders\PostEffect\Fadeout.hlsl">
      <Filter>シェーダーファイル\PostEffect</Filter>
    </FxCompile>
    <FxCompile Include="Engine\Resources\shaders\PostEffect\PostEffectNormal.hlsl">
      <Filter>シェーダーファイル\PostEffect</Filter>
    </FxCompile>
    <FxCompile Include="Engine\Resources\shaders\PostEffect\PostEffectVS.hlsl">
      <Filter>シェーダーファイル\PostEffect</Filter>
    </FxCompile>
    <FxCompile Include="Engine\Resources\shaders\PostEffect\RGBShift.hlsl">
      <Filter>シェーダーファイル\PostEffect</Filter>
    </FxCompile>
    <FxCompile Include="Engine\Resources\shaders\PostEffect\SlowEffect.hlsl">
      <Filter>シェーダーファイル\PostEffect</Filter>
    </FxCompile>
    <FxCompile Include="Engine\Resources\shaders\PostEffect\Vignette.hlsl">
      <Filter>シェーダーファイル\PostEffect</Filter>
    </FxCompile>
    <FxCompile Include="Engine\Resources\shaders\PostEffect\RadialBlur.hlsl">
      <Filter>シェーダーファイル\PostEffect</Filter>
    </FxCompile>
    <FxCompile Include="Engine\Resources\shaders\PostEffect\Shout.hlsl">
      <Filter>シェーダーファイル\PostEffect</Filter>
    </FxCompile>
    <FxCompile Include="Engine\Resources\shaders\PostEffect\PostShout.hlsl">
      <Filter>シェーダーファイル\PostEffect</Filter>
    </FxCompile>
    <FxCompile Include="Engine\Resources\shaders\Object3d\obj\BasicPS.hlsl">
      <Filter>シェーダーファイル\Object3d\obj</Filter>
    </FxCompile>
    <FxCompile Include="Engine\Resources\shaders\Object3d\obj\BasicVS.hlsl">
      <Filter>シェーダーファイル\Object3d\obj</Filter>
    </FxCompile>
    <FxCompile Include="Engine\Resources\shaders\Object3d\obj\WavePS.hlsl">
      <Filter>シェーダーファイル\Object3d\obj</Filter>
    </FxCompile>
    <FxCompile Include="Engine\Resources\shaders\Object3d\obj\WaveVS.hlsl">
      <Filter>シェーダーファイル\Object3d\obj</Filter>
    </FxCompile>
    <FxCompile Include="Engine\Resources\shaders\Object2d\TexturePS.hlsl">
      <Filter>シェーダーファイル\Object2d</Filter>
    </FxCompile>
    <FxCompile Include="Engine\Resources\shaders\Object2d\TextureVS.hlsl">
      <Filter>シェーダーファイル\Object2d</Filter>
    </FxCompile>
    <FxCompile Include="Engine\Resources\shaders\Object3d\obj\OBJPixelShader.hlsl">
      <Filter>シェーダーファイル\Object3d\obj</Filter>
    </FxCompile>
    <FxCompile Include="Engine\Resources\shaders\Object3d\obj\OBJVertexShader.hlsl">
      <Filter>シェーダーファイル\Object3d\obj</Filter>
    </FxCompile>
  </ItemGroup>
  <ItemGroup>
    <Filter Include="ソース ファイル">
      <UniqueIdentifier>{4FC737F1-C7A5-4376-A066-2A32D752A2FF}</UniqueIdentifier>
      <Extensions>cpp;c;cc;cxx;c++;cppm;ixx;def;odl;idl;hpj;bat;asm;asmx</Extensions>
    </Filter>
    <Filter Include="リソース ファイル">
      <UniqueIdentifier>{67DA6AB6-F800-4c08-8B7A-83BB121AAD01}</UniqueIdentifier>
      <Extensions>rc;ico;cur;bmp;dlg;rc2;rct;bin;rgs;gif;jpg;jpeg;jpe;resx;tiff;tif;png;wav;mfcribbon-ms</Extensions>
    </Filter>
    <Filter Include="シェーダーファイル">
      <UniqueIdentifier>{7e5584a5-2895-4181-9eaf-f65622106b57}</UniqueIdentifier>
    </Filter>
    <Filter Include="ソース ファイル\ApplicationCode">
      <UniqueIdentifier>{a4d05284-6520-4c60-95a7-2071f58c4703}</UniqueIdentifier>
    </Filter>
    <Filter Include="シェーダーファイル\PostEffect">
      <UniqueIdentifier>{983a7151-bfc4-4521-96f6-f6f05ec7612b}</UniqueIdentifier>
    </Filter>
    <Filter Include="シェーダーファイル\Object3d">
      <UniqueIdentifier>{4ad2c320-ca6f-45b1-8a09-61c80b4bf5a9}</UniqueIdentifier>
    </Filter>
    <Filter Include="シェーダーファイル\Object3d\obj">
      <UniqueIdentifier>{a965b246-c296-46f2-9cfd-930340d71a53}</UniqueIdentifier>
    </Filter>
    <Filter Include="シェーダーファイル\Object3d\fbx">
      <UniqueIdentifier>{a17ae3e3-a5cf-45fe-baa1-7c512e667339}</UniqueIdentifier>
    </Filter>
    <Filter Include="シェーダーファイル\Particle">
      <UniqueIdentifier>{6560b6fd-77ce-4ee2-9a53-bcd767e276b1}</UniqueIdentifier>
    </Filter>
    <Filter Include="シェーダーファイル\Object2d">
      <UniqueIdentifier>{660667d0-67f6-4419-809c-6ce0a03d5ffc}</UniqueIdentifier>
    </Filter>
    <Filter Include="ソース ファイル\ApplicationCode\Bosses">
      <UniqueIdentifier>{3b5e0996-b1ed-47a4-8642-59c350b4e352}</UniqueIdentifier>
    </Filter>
    <Filter Include="ソース ファイル\ApplicationCode\CameraMove">
      <UniqueIdentifier>{f592ee56-c219-4ab0-b5d8-f5db7062530d}</UniqueIdentifier>
    </Filter>
    <Filter Include="ソース ファイル\ApplicationCode\Enemy">
      <UniqueIdentifier>{7ef8022d-10d5-48f7-ab06-0f2aa77c548e}</UniqueIdentifier>
    </Filter>
    <Filter Include="ソース ファイル\ApplicationCode\Players">
      <UniqueIdentifier>{b205d163-4af7-475a-986b-0333913103b4}</UniqueIdentifier>
    </Filter>
    <Filter Include="ソース ファイル\ApplicationCode\Scenes">
      <UniqueIdentifier>{11c58c4c-1aef-443c-a14c-3fd1cf4b224d}</UniqueIdentifier>
    </Filter>
    <Filter Include="ソース ファイル\ApplicationCode\Effects">
      <UniqueIdentifier>{7710b8cc-52db-42fc-9fed-b3bf3463a823}</UniqueIdentifier>
    </Filter>
    <Filter Include="ソース ファイル\ApplicationCode\Maths">
      <UniqueIdentifier>{d99440e2-5b7e-4db4-a8b9-a8e6a26c7180}</UniqueIdentifier>
    </Filter>
    <Filter Include="ソース ファイル\ApplicationCode\UI">
      <UniqueIdentifier>{47caeb62-7ef3-439b-a6e0-9a073b607dfe}</UniqueIdentifier>
    </Filter>
    <Filter Include="ソース ファイル\Engine">
      <UniqueIdentifier>{c517ccdc-683d-411b-9fa7-f0fb962d50ca}</UniqueIdentifier>
    </Filter>
    <Filter Include="ソース ファイル\Engine\Audio">
      <UniqueIdentifier>{632a0e9d-6b94-409e-9cd8-996819413e50}</UniqueIdentifier>
    </Filter>
    <Filter Include="ソース ファイル\Engine\Base">
      <UniqueIdentifier>{a336040f-fd8f-443e-8eec-4a835844b34b}</UniqueIdentifier>
    </Filter>
    <Filter Include="ソース ファイル\Engine\Camera">
      <UniqueIdentifier>{fbd2e930-443a-42c9-ab54-92ce3fe597da}</UniqueIdentifier>
    </Filter>
    <Filter Include="ソース ファイル\Engine\FBX">
      <UniqueIdentifier>{93d44c8d-931c-481a-b184-8fe7a1adda9e}</UniqueIdentifier>
    </Filter>
    <Filter Include="ソース ファイル\Engine\Input">
      <UniqueIdentifier>{ef4dceb1-9093-400b-988c-cd221c6d8b2e}</UniqueIdentifier>
    </Filter>
    <Filter Include="ソース ファイル\Engine\Light">
      <UniqueIdentifier>{ed6614da-b37d-46d0-bfdf-be9bb58fcfc4}</UniqueIdentifier>
    </Filter>
    <Filter Include="ソース ファイル\Engine\Object2d">
      <UniqueIdentifier>{517fe389-7a70-4a1c-9782-cc5888d0316c}</UniqueIdentifier>
    </Filter>
    <Filter Include="ソース ファイル\Engine\Object3d">
      <UniqueIdentifier>{ba496a77-61e5-4391-ba80-8710154294fb}</UniqueIdentifier>
    </Filter>
    <Filter Include="ソース ファイル\Engine\Texture">
      <UniqueIdentifier>{2428a05e-5ceb-4f60-bcbe-4b3ac1355f78}</UniqueIdentifier>
    </Filter>
    <Filter Include="ソース ファイル\ApplicationCode\Enemy\Base">
      <UniqueIdentifier>{83777728-e2c2-4d56-b4b9-35ac310b06de}</UniqueIdentifier>
    </Filter>
    <Filter Include="ソース ファイル\ApplicationCode\Enemy\Derivative">
      <UniqueIdentifier>{4c8aaada-19f4-464e-b964-9216abf7f7fb}</UniqueIdentifier>
    </Filter>
    <Filter Include="ソース ファイル\ApplicationCode\Collision">
      <UniqueIdentifier>{5f4982f8-2bc4-4258-82cc-fb1a3a14435e}</UniqueIdentifier>
    </Filter>
    <Filter Include="ソース ファイル\ApplicationCode\Shake">
      <UniqueIdentifier>{2d71da12-0523-41f6-9811-20ef8a0d049b}</UniqueIdentifier>
    </Filter>
    <Filter Include="ソース ファイル\ApplicationCode\Item">
      <UniqueIdentifier>{81adeeb8-f88e-48ff-bac6-36f9a3e5ac48}</UniqueIdentifier>
    </Filter>
    <Filter Include="ソース ファイル\ApplicationCode\GameMap">
      <UniqueIdentifier>{a68b8726-d559-4235-8f86-7bb9548b413f}</UniqueIdentifier>
    </Filter>
  </ItemGroup>
  <ItemGroup>
    <ClCompile Include="main.cpp">
      <Filter>ソース ファイル</Filter>
    </ClCompile>
    <ClCompile Include="Engine\Audio\Sound.cpp">
      <Filter>ソース ファイル\Engine\Audio</Filter>
    </ClCompile>
    <ClCompile Include="Engine\Base\DirectXSetting.cpp">
      <Filter>ソース ファイル\Engine\Base</Filter>
    </ClCompile>
    <ClCompile Include="Engine\Base\Quaternion.cpp">
      <Filter>ソース ファイル\Engine\Base</Filter>
    </ClCompile>
    <ClCompile Include="Engine\Base\Vector3.cpp">
      <Filter>ソース ファイル\Engine\Base</Filter>
    </ClCompile>
    <ClCompile Include="Engine\Base\WinApp.cpp">
      <Filter>ソース ファイル\Engine\Base</Filter>
    </ClCompile>
    <ClCompile Include="Engine\Camera\Camera.cpp">
      <Filter>ソース ファイル\Engine\Camera</Filter>
    </ClCompile>
    <ClCompile Include="Engine\FBX\FbxLoader.cpp">
      <Filter>ソース ファイル\Engine\FBX</Filter>
    </ClCompile>
    <ClCompile Include="Engine\FBX\FBXModel.cpp">
      <Filter>ソース ファイル\Engine\FBX</Filter>
    </ClCompile>
    <ClCompile Include="Engine\FBX\FBXObject3d.cpp">
      <Filter>ソース ファイル\Engine\FBX</Filter>
    </ClCompile>
    <ClCompile Include="Engine\Input\KeyInput.cpp">
      <Filter>ソース ファイル\Engine\Input</Filter>
    </ClCompile>
    <ClCompile Include="Engine\Input\MouseInput.cpp">
      <Filter>ソース ファイル\Engine\Input</Filter>
    </ClCompile>
    <ClCompile Include="Engine\Input\PadInput.cpp">
      <Filter>ソース ファイル\Engine\Input</Filter>
    </ClCompile>
    <ClCompile Include="Engine\Object2d\DebugText.cpp">
      <Filter>ソース ファイル\Engine\Object2d</Filter>
    </ClCompile>
    <ClCompile Include="Engine\Object2d\PostEffect.cpp">
      <Filter>ソース ファイル\Engine\Object2d</Filter>
    </ClCompile>
    <ClCompile Include="Engine\Object2d\Sprite.cpp">
      <Filter>ソース ファイル\Engine\Object2d</Filter>
    </ClCompile>
    <ClCompile Include="Engine\Object3d\Collision.cpp">
      <Filter>ソース ファイル\Engine\Object3d</Filter>
    </ClCompile>
    <ClCompile Include="Engine\Object3d\MapChip.cpp">
      <Filter>ソース ファイル\Engine\Object3d</Filter>
    </ClCompile>
    <ClCompile Include="Engine\Object3d\Model.cpp">
      <Filter>ソース ファイル\Engine\Object3d</Filter>
    </ClCompile>
    <ClCompile Include="Engine\Object3d\ModelManager.cpp">
      <Filter>ソース ファイル\Engine\Object3d</Filter>
    </ClCompile>
    <ClCompile Include="Engine\Object3d\Object3d.cpp">
      <Filter>ソース ファイル\Engine\Object3d</Filter>
    </ClCompile>
    <ClCompile Include="Engine\Object2d\ImageManager.cpp">
      <Filter>ソース ファイル\Engine\Object2d</Filter>
    </ClCompile>
    <ClCompile Include="Engine\Object3d\Shapes.cpp">
      <Filter>ソース ファイル\Engine\Object3d</Filter>
    </ClCompile>
    <ClCompile Include="Engine\Object3d\ParticleManager.cpp">
      <Filter>ソース ファイル\Engine\Object3d</Filter>
    </ClCompile>
    <ClCompile Include="Engine\Object3d\BaseLight.cpp">
      <Filter>ソース ファイル\Engine\Object3d</Filter>
    </ClCompile>
    <ClCompile Include="Engine\Light\LightGroup.cpp">
      <Filter>ソース ファイル\Engine\Light</Filter>
    </ClCompile>
    <ClCompile Include="Engine\Object2d\TextDraw.cpp">
      <Filter>ソース ファイル\Engine\Object2d</Filter>
    </ClCompile>
    <ClCompile Include="Engine\Audio\SoundManager.cpp">
      <Filter>ソース ファイル\Engine\Audio</Filter>
    </ClCompile>
    <ClCompile Include="Engine\Base\JsonLoader.cpp">
      <Filter>ソース ファイル\Engine\Base</Filter>
    </ClCompile>
    <ClCompile Include="Engine\Base\ExternalFileLoader.cpp">
      <Filter>ソース ファイル\Engine\Base</Filter>
    </ClCompile>
    <ClCompile Include="ApplicationCode\Players\Player.cpp">
      <Filter>ソース ファイル\ApplicationCode\Players</Filter>
    </ClCompile>
    <ClCompile Include="ApplicationCode\Maths\MotionMath.cpp">
      <Filter>ソース ファイル\ApplicationCode\Maths</Filter>
    </ClCompile>
    <ClCompile Include="ApplicationCode\Scenes\SceneManager.cpp">
      <Filter>ソース ファイル\ApplicationCode\Scenes</Filter>
    </ClCompile>
    <ClCompile Include="ApplicationCode\Scenes\TitleScene.cpp">
      <Filter>ソース ファイル\ApplicationCode\Scenes</Filter>
    </ClCompile>
    <ClCompile Include="ApplicationCode\Scenes\GameScene.cpp">
      <Filter>ソース ファイル\ApplicationCode\Scenes</Filter>
    </ClCompile>
    <ClCompile Include="ApplicationCode\Scenes\ResultScene.cpp">
      <Filter>ソース ファイル\ApplicationCode\Scenes</Filter>
    </ClCompile>
    <ClCompile Include="Engine\Base\Vector2.cpp">
      <Filter>ソース ファイル\Engine\Base</Filter>
    </ClCompile>
    <ClCompile Include="ApplicationCode\UI\Button.cpp">
      <Filter>ソース ファイル\ApplicationCode\UI</Filter>
    </ClCompile>
    <ClCompile Include="Engine\Object2d\ParticleManager2d.cpp">
      <Filter>ソース ファイル\ApplicationCode\Effects</Filter>
    </ClCompile>
    <ClCompile Include="Engine\Object2d\Collision2d.cpp">
      <Filter>ソース ファイル\Engine\Object2d</Filter>
    </ClCompile>
    <ClCompile Include="Engine\Texture\Texture.cpp">
      <Filter>ソース ファイル\Engine\Texture</Filter>
    </ClCompile>
    <ClCompile Include="ApplicationCode\Enemy\BaseEnemy.cpp">
      <Filter>ソース ファイル\ApplicationCode\Enemy\Base</Filter>
    </ClCompile>
    <ClCompile Include="ApplicationCode\Enemy\NormalEnemyA.cpp">
      <Filter>ソース ファイル\ApplicationCode\Enemy\Derivative</Filter>
    </ClCompile>
    <ClCompile Include="ApplicationCode\Collision\CollisionManager.cpp">
      <Filter>ソース ファイル\ApplicationCode\Collision</Filter>
    </ClCompile>
    <ClCompile Include="ApplicationCode\Collision\SphereAndSphere.cpp">
      <Filter>ソース ファイル\ApplicationCode\Collision</Filter>
    </ClCompile>
    <ClCompile Include="Engine\Object3d\CollisionPrimitive.cpp">
      <Filter>ソース ファイル\Engine\Object3d</Filter>
    </ClCompile>
    <ClCompile Include="Engine\Base\CsvLoader.cpp">
      <Filter>ソース ファイル\Engine\Base</Filter>
    </ClCompile>
    <ClCompile Include="ApplicationCode\Shake\Shake.cpp">
      <Filter>ソース ファイル\ApplicationCode\Shake</Filter>
    </ClCompile>
    <ClCompile Include="ApplicationCode\Item\Ore.cpp">
      <Filter>ソース ファイル\ApplicationCode\Item</Filter>
    </ClCompile>
    <ClCompile Include="ApplicationCode\Map\GameMap.cpp">
      <Filter>ソース ファイル\ApplicationCode\GameMap</Filter>
    </ClCompile>
    <ClCompile Include="ApplicationCode\Shake\IwaEffect.cpp">
      <Filter>ソース ファイル\ApplicationCode\Shake</Filter>
    </ClCompile>
    <ClCompile Include="ApplicationCode\Enemy\BossBase.cpp">
      <Filter>ソース ファイル\ApplicationCode\Bosses</Filter>
    </ClCompile>
    <ClCompile Include="ApplicationCode\Enemy\Dogom.cpp">
      <Filter>ソース ファイル\ApplicationCode\Bosses</Filter>
    </ClCompile>
    <ClCompile Include="Engine\Object2d\ObbAndObb.cpp">
      <Filter>ソース ファイル</Filter>
    </ClCompile>
    <ClCompile Include="ApplicationCode\Map\Stairs.cpp">
      <Filter>ソース ファイル\ApplicationCode\GameMap</Filter>
    </ClCompile>
    <ClCompile Include="ApplicationCode\Scenes\BossScene.cpp">
      <Filter>ソース ファイル\ApplicationCode\Scenes</Filter>
    </ClCompile>
    <ClCompile Include="ApplicationCode\Map\IntermediateBase.cpp">
      <Filter>ソース ファイル\ApplicationCode\GameMap</Filter>
    </ClCompile>
    <ClCompile Include="ApplicationCode\Scenes\IBScene.cpp">
      <Filter>ソース ファイル\ApplicationCode\Scenes</Filter>
    </ClCompile>
    <ClCompile Include="ApplicationCode\Scenes\SceneChange.cpp">
      <Filter>ソース ファイル\ApplicationCode\Scenes</Filter>
    </ClCompile>
    <ClCompile Include="ApplicationCode\UI\MessageWindow.cpp">
      <Filter>ソース ファイル\ApplicationCode\UI</Filter>
    </ClCompile>
    <ClCompile Include="ApplicationCode\Scenes\SkillScene.cpp">
      <Filter>ソース ファイル\ApplicationCode\Scenes</Filter>
    </ClCompile>
    <ClCompile Include="ApplicationCode\Item\Deposit.cpp">
      <Filter>ソース ファイル</Filter>
    </ClCompile>
    <ClCompile Include="ApplicationCode\Scenes\TutorialScene.cpp">
      <Filter>ソース ファイル\ApplicationCode\Scenes</Filter>
    </ClCompile>
    <ClCompile Include="ApplicationCode\Map\Grass.cpp">
      <Filter>ソース ファイル</Filter>
    </ClCompile>
    <ClCompile Include="ApplicationCode\Enemy\MunniAction.cpp">
      <Filter>ソース ファイル</Filter>
    </ClCompile>
    <ClCompile Include="ApplicationCode\Enemy\NormalEnemyB.cpp">
      <Filter>ソース ファイル</Filter>
    </ClCompile>
    <ClCompile Include="ApplicationCode\Skills\BaseSkill.cpp">
      <Filter>ソース ファイル\ApplicationCode\Players\Skill</Filter>
    </ClCompile>
  </ItemGroup>
  <ItemGroup>
    <ClInclude Include="Engine\Audio\Sound.h">
      <Filter>ソース ファイル\Engine\Audio</Filter>
    </ClInclude>
    <ClInclude Include="Engine\Base\DirectXSetting.h">
      <Filter>ソース ファイル\Engine\Base</Filter>
    </ClInclude>
    <ClInclude Include="Engine\Base\Easing.h">
      <Filter>ソース ファイル\Engine\Base</Filter>
    </ClInclude>
    <ClInclude Include="Engine\Base\Quaternion.h">
      <Filter>ソース ファイル\Engine\Base</Filter>
    </ClInclude>
    <ClInclude Include="Engine\Base\SafeDelete.h">
      <Filter>ソース ファイル\Engine\Base</Filter>
    </ClInclude>
    <ClInclude Include="Engine\Base\Vector3.h">
      <Filter>ソース ファイル\Engine\Base</Filter>
    </ClInclude>
    <ClInclude Include="Engine\Base\WinApp.h">
      <Filter>ソース ファイル\Engine\Base</Filter>
    </ClInclude>
    <ClInclude Include="Engine\Camera\Camera.h">
      <Filter>ソース ファイル\Engine\Camera</Filter>
    </ClInclude>
    <ClInclude Include="Engine\FBX\FbxLoader.h">
      <Filter>ソース ファイル\Engine\FBX</Filter>
    </ClInclude>
    <ClInclude Include="Engine\FBX\FBXModel.h">
      <Filter>ソース ファイル\Engine\FBX</Filter>
    </ClInclude>
    <ClInclude Include="Engine\FBX\FBXObject3d.h">
      <Filter>ソース ファイル\Engine\FBX</Filter>
    </ClInclude>
    <ClInclude Include="Engine\Input\KeyInput.h">
      <Filter>ソース ファイル\Engine\Input</Filter>
    </ClInclude>
    <ClInclude Include="Engine\Input\MouseInput.h">
      <Filter>ソース ファイル\Engine\Input</Filter>
    </ClInclude>
    <ClInclude Include="Engine\Input\PadInput.h">
      <Filter>ソース ファイル\Engine\Input</Filter>
    </ClInclude>
    <ClInclude Include="Engine\Object2d\DebugText.h">
      <Filter>ソース ファイル\Engine\Object2d</Filter>
    </ClInclude>
    <ClInclude Include="Engine\Object2d\PostEffect.h">
      <Filter>ソース ファイル\Engine\Object2d</Filter>
    </ClInclude>
    <ClInclude Include="Engine\Object2d\Sprite.h">
      <Filter>ソース ファイル\Engine\Object2d</Filter>
    </ClInclude>
    <ClInclude Include="Engine\Object3d\Collision.h">
      <Filter>ソース ファイル\Engine\Object3d</Filter>
    </ClInclude>
    <ClInclude Include="Engine\Object3d\MapChip.h">
      <Filter>ソース ファイル\Engine\Object3d</Filter>
    </ClInclude>
    <ClInclude Include="Engine\Object3d\Model.h">
      <Filter>ソース ファイル\Engine\Object3d</Filter>
    </ClInclude>
    <ClInclude Include="Engine\Object3d\ModelManager.h">
      <Filter>ソース ファイル\Engine\Object3d</Filter>
    </ClInclude>
    <ClInclude Include="Engine\Object3d\Object3d.h">
      <Filter>ソース ファイル\Engine\Object3d</Filter>
    </ClInclude>
    <ClInclude Include="Engine\Object2d\ImageManager.h">
      <Filter>ソース ファイル\Engine\Object2d</Filter>
    </ClInclude>
    <ClInclude Include="Engine\Object3d\Shapes.h">
      <Filter>ソース ファイル\Engine\Object3d</Filter>
    </ClInclude>
    <ClInclude Include="Engine\Object3d\ParticleManager.h">
      <Filter>ソース ファイル\Engine\Object3d</Filter>
    </ClInclude>
    <ClInclude Include="Engine\Object3d\BaseLight.h">
      <Filter>ソース ファイル\Engine\Object3d</Filter>
    </ClInclude>
    <ClInclude Include="Engine\Light\DirectionalLight.h">
      <Filter>ソース ファイル\Engine\Light</Filter>
    </ClInclude>
    <ClInclude Include="Engine\Light\LightGroup.h">
      <Filter>ソース ファイル\Engine\Light</Filter>
    </ClInclude>
    <ClInclude Include="Engine\Light\PointLight.h">
      <Filter>ソース ファイル\Engine\Light</Filter>
    </ClInclude>
    <ClInclude Include="Engine\Light\SpotLight.h">
      <Filter>ソース ファイル\Engine\Light</Filter>
    </ClInclude>
    <ClInclude Include="Engine\Light\CircleShadow.h">
      <Filter>ソース ファイル\Engine\Light</Filter>
    </ClInclude>
    <ClInclude Include="Engine\Object2d\TextDraw.h">
      <Filter>ソース ファイル\Engine\Object2d</Filter>
    </ClInclude>
    <ClInclude Include="Engine\Audio\SoundManager.h">
      <Filter>ソース ファイル\Engine\Audio</Filter>
    </ClInclude>
    <ClInclude Include="Engine\Base\JsonLoader.h">
      <Filter>ソース ファイル\Engine\Base</Filter>
    </ClInclude>
    <ClInclude Include="Engine\Base\ExternalFileLoader.h">
      <Filter>ソース ファイル\Engine\Base</Filter>
    </ClInclude>
    <ClInclude Include="ApplicationCode\Maths\MotionMath.h">
      <Filter>ソース ファイル\ApplicationCode\Maths</Filter>
    </ClInclude>
    <ClInclude Include="ApplicationCode\Players\Player.h">
      <Filter>ソース ファイル\ApplicationCode\Players</Filter>
    </ClInclude>
    <ClInclude Include="ApplicationCode\Scenes\BaseScene.h">
      <Filter>ソース ファイル\ApplicationCode\Scenes</Filter>
    </ClInclude>
    <ClInclude Include="ApplicationCode\Scenes\SceneManager.h">
      <Filter>ソース ファイル\ApplicationCode\Scenes</Filter>
    </ClInclude>
    <ClInclude Include="ApplicationCode\Scenes\TitleScene.h">
      <Filter>ソース ファイル\ApplicationCode\Scenes</Filter>
    </ClInclude>
    <ClInclude Include="ApplicationCode\Scenes\GameScene.h">
      <Filter>ソース ファイル\ApplicationCode\Scenes</Filter>
    </ClInclude>
    <ClInclude Include="ApplicationCode\Scenes\ResultScene.h">
      <Filter>ソース ファイル\ApplicationCode\Scenes</Filter>
    </ClInclude>
    <ClInclude Include="Engine\Base\Vector2.h">
      <Filter>ソース ファイル\Engine\Base</Filter>
    </ClInclude>
    <ClInclude Include="ApplicationCode\UI\Button.h">
      <Filter>ソース ファイル\ApplicationCode\UI</Filter>
    </ClInclude>
    <ClInclude Include="Engine\Base\RandCreate.h">
      <Filter>ソース ファイル\Engine\Base</Filter>
    </ClInclude>
    <ClInclude Include="Engine\Object2d\ParticleManager2d.h">
      <Filter>ソース ファイル\ApplicationCode\Effects</Filter>
    </ClInclude>
    <ClInclude Include="Engine\Object2d\Collision2d.h">
      <Filter>ソース ファイル\Engine\Object2d</Filter>
    </ClInclude>
    <ClInclude Include="Engine\Texture\Texture.h">
      <Filter>ソース ファイル\Engine\Texture</Filter>
    </ClInclude>
    <ClInclude Include="ApplicationCode\Enemy\BaseEnemy.h">
      <Filter>ソース ファイル\ApplicationCode\Enemy\Base</Filter>
    </ClInclude>
    <ClInclude Include="ApplicationCode\Enemy\NormalEnemyA.h">
      <Filter>ソース ファイル\ApplicationCode\Enemy\Derivative</Filter>
    </ClInclude>
    <ClInclude Include="ApplicationCode\Collision\BaseCollision.h">
      <Filter>ソース ファイル\ApplicationCode\Collision</Filter>
    </ClInclude>
    <ClInclude Include="ApplicationCode\Collision\CollisionManager.h">
      <Filter>ソース ファイル\ApplicationCode\Collision</Filter>
    </ClInclude>
    <ClInclude Include="ApplicationCode\Collision\SphereAndSphere.h">
      <Filter>ソース ファイル\ApplicationCode\Collision</Filter>
    </ClInclude>
    <ClInclude Include="Engine\Object3d\CollisionPrimitive.h">
      <Filter>ソース ファイル\Engine\Object3d</Filter>
    </ClInclude>
    <ClInclude Include="Engine\Base\CsvLoader.h">
      <Filter>ソース ファイル\Engine\Base</Filter>
    </ClInclude>
    <ClInclude Include="ApplicationCode\Shake\Shake.h">
      <Filter>ソース ファイル\ApplicationCode\Shake</Filter>
    </ClInclude>
    <ClInclude Include="ApplicationCode\Item\Ore.h">
      <Filter>ソース ファイル\ApplicationCode\Item</Filter>
    </ClInclude>
    <ClInclude Include="ApplicationCode\Map\GameMap.h">
      <Filter>ソース ファイル\ApplicationCode\GameMap</Filter>
    </ClInclude>
    <ClInclude Include="ApplicationCode\Shake\IwaEffect.h">
      <Filter>ソース ファイル\ApplicationCode\Shake</Filter>
    </ClInclude>
    <ClInclude Include="ApplicationCode\Enemy\BossBase.h">
      <Filter>ソース ファイル\ApplicationCode\Bosses</Filter>
    </ClInclude>
    <ClInclude Include="ApplicationCode\Enemy\Dogom.h">
      <Filter>ソース ファイル\ApplicationCode\Bosses</Filter>
    </ClInclude>
    <ClInclude Include="Engine\Object2d\ObbAndObb.h" />
    <ClInclude Include="ApplicationCode\Map\Stairs.h">
      <Filter>ソース ファイル\ApplicationCode\GameMap</Filter>
    </ClInclude>
    <ClInclude Include="ApplicationCode\Map\IntermediateBase.h">
      <Filter>ソース ファイル\ApplicationCode\GameMap</Filter>
    </ClInclude>
    <ClInclude Include="Engine\Base\Helper.h" />
    <ClInclude Include="ApplicationCode\Scenes\BossScene.h">
      <Filter>ソース ファイル\ApplicationCode\Scenes</Filter>
    </ClInclude>
    <ClInclude Include="ApplicationCode\Scenes\IBScene.h">
      <Filter>ソース ファイル\ApplicationCode\Scenes</Filter>
    </ClInclude>
    <ClInclude Include="ApplicationCode\Scenes\SceneChange.h">
      <Filter>ソース ファイル\ApplicationCode\Scenes</Filter>
    </ClInclude>
    <ClInclude Include="ApplicationCode\UI\MessageWindow.h">
      <Filter>ソース ファイル\ApplicationCode\UI</Filter>
    </ClInclude>
    <ClInclude Include="ApplicationCode\Scenes\SkillScene.h">
      <Filter>ソース ファイル\ApplicationCode\Scenes</Filter>
    </ClInclude>
    <ClInclude Include="ApplicationCode\Item\Deposit.h" />
    <ClInclude Include="ApplicationCode\Scenes\TutorialScene.h">
      <Filter>ソース ファイル\ApplicationCode\Scenes</Filter>
    </ClInclude>
    <ClInclude Include="ApplicationCode\Map\Grass.h" />
    <ClInclude Include="ApplicationCode\Enemy\MunniAction.h" />
    <ClInclude Include="ApplicationCode\Enemy\NormalEnemyB.h" />
    <ClInclude Include="ApplicationCode\Map\StageCount.h">
      <Filter>ソース ファイル\ApplicationCode\GameMap</Filter>
    </ClInclude>
    <ClInclude Include="ApplicationCode\Skills\BaseSkill.h">
      <Filter>ソース ファイル\ApplicationCode\Players\Skill</Filter>
    </ClInclude>
  </ItemGroup>
  <ItemGroup>
    <ResourceCompile Include="IgaEngine.rc">
      <Filter>リソース ファイル</Filter>
    </ResourceCompile>
  </ItemGroup>
  <ItemGroup>
    <None Include="Engine\Resources\shaders\Object2d\Sprite.hlsli">
      <Filter>シェーダーファイル\Object2d</Filter>
    </None>
    <None Include="Engine\Resources\shaders\Particle\Particle.hlsli">
      <Filter>シェーダーファイル\Particle</Filter>
    </None>
    <None Include="Engine\Resources\shaders\Object3d\fbx\FBX.hlsli">
      <Filter>シェーダーファイル\Object3d\fbx</Filter>
    </None>
    <None Include="Engine\Resources\shaders\PostEffect\PostEffect.hlsli">
      <Filter>シェーダーファイル\PostEffect</Filter>
    </None>
    <None Include="Engine\Resources\shaders\Object3d\obj\Basic.hlsli">
      <Filter>シェーダーファイル\Object3d\obj</Filter>
    </None>
    <None Include="Engine\Resources\shaders\Object3d\obj\BasicShaderHeader.hlsli">
      <Filter>シェーダーファイル\Object3d\obj</Filter>
    </None>
    <None Include="Engine\Resources\shaders\Object3d\obj\OBJShaderHeader.hlsli">
      <Filter>シェーダーファイル\Object3d\obj</Filter>
    </None>
    <None Include="Engine\Resources\shaders\Object2d\Texture.hlsli">
      <Filter>シェーダーファイル\Object2d</Filter>
    </None>
  </ItemGroup>
  <ItemGroup>
    <FxCompile Include="Engine\Resources\shaders\Object2d\SpritePS.hlsl">
      <Filter>シェーダーファイル\Object2d</Filter>
    </FxCompile>
    <FxCompile Include="Engine\Resources\shaders\Object2d\SpriteVS.hlsl">
      <Filter>シェーダーファイル\Object2d</Filter>
    </FxCompile>
    <FxCompile Include="Engine\Resources\shaders\Particle\ParticleGS.hlsl">
      <Filter>シェーダーファイル\Particle</Filter>
    </FxCompile>
    <FxCompile Include="Engine\Resources\shaders\Particle\ParticlePS.hlsl">
      <Filter>シェーダーファイル\Particle</Filter>
    </FxCompile>
    <FxCompile Include="Engine\Resources\shaders\Particle\ParticleVS.hlsl">
      <Filter>シェーダーファイル\Particle</Filter>
    </FxCompile>
    <FxCompile Include="Engine\Resources\shaders\Object3d\fbx\FBXPS.hlsl">
      <Filter>シェーダーファイル\Object3d\fbx</Filter>
    </FxCompile>
    <FxCompile Include="Engine\Resources\shaders\Object3d\fbx\FBXVS.hlsl">
      <Filter>シェーダーファイル\Object3d\fbx</Filter>
    </FxCompile>
    <FxCompile Include="Engine\Resources\shaders\PostEffect\DamageEffect.hlsl">
      <Filter>シェーダーファイル\PostEffect</Filter>
    </FxCompile>
    <FxCompile Include="Engine\Resources\shaders\PostEffect\Fadeout.hlsl">
      <Filter>シェーダーファイル\PostEffect</Filter>
    </FxCompile>
    <FxCompile Include="Engine\Resources\shaders\PostEffect\PostEffectNormal.hlsl">
      <Filter>シェーダーファイル\PostEffect</Filter>
    </FxCompile>
    <FxCompile Include="Engine\Resources\shaders\PostEffect\PostEffectVS.hlsl">
      <Filter>シェーダーファイル\PostEffect</Filter>
    </FxCompile>
    <FxCompile Include="Engine\Resources\shaders\PostEffect\RGBShift.hlsl">
      <Filter>シェーダーファイル\PostEffect</Filter>
    </FxCompile>
    <FxCompile Include="Engine\Resources\shaders\PostEffect\SlowEffect.hlsl">
      <Filter>シェーダーファイル\PostEffect</Filter>
    </FxCompile>
    <FxCompile Include="Engine\Resources\shaders\PostEffect\Vignette.hlsl">
      <Filter>シェーダーファイル\PostEffect</Filter>
    </FxCompile>
    <FxCompile Include="Engine\Resources\shaders\PostEffect\RadialBlur.hlsl">
      <Filter>シェーダーファイル\PostEffect</Filter>
    </FxCompile>
    <FxCompile Include="Engine\Resources\shaders\PostEffect\Shout.hlsl">
      <Filter>シェーダーファイル\PostEffect</Filter>
    </FxCompile>
    <FxCompile Include="Engine\Resources\shaders\PostEffect\PostShout.hlsl">
      <Filter>シェーダーファイル\PostEffect</Filter>
    </FxCompile>
    <FxCompile Include="Engine\Resources\shaders\Object3d\obj\BasicPS.hlsl">
      <Filter>シェーダーファイル\Object3d\obj</Filter>
    </FxCompile>
    <FxCompile Include="Engine\Resources\shaders\Object3d\obj\BasicVS.hlsl">
      <Filter>シェーダーファイル\Object3d\obj</Filter>
    </FxCompile>
    <FxCompile Include="Engine\Resources\shaders\Object3d\obj\OBJPixelShader.hlsl">
      <Filter>シェーダーファイル\Object3d\obj</Filter>
    </FxCompile>
    <FxCompile Include="Engine\Resources\shaders\Object3d\obj\OBJVertexShader.hlsl">
      <Filter>シェーダーファイル\Object3d\obj</Filter>
    </FxCompile>
    <FxCompile Include="Engine\Resources\shaders\Object3d\obj\WavePS.hlsl">
      <Filter>シェーダーファイル\Object3d\obj</Filter>
    </FxCompile>
    <FxCompile Include="Engine\Resources\shaders\Object3d\obj\WaveVS.hlsl">
      <Filter>シェーダーファイル\Object3d\obj</Filter>
    </FxCompile>
    <FxCompile Include="Engine\Resources\shaders\Object2d\TexturePS.hlsl">
      <Filter>シェーダーファイル\Object2d</Filter>
    </FxCompile>
    <FxCompile Include="Engine\Resources\shaders\Object2d\TextureVS.hlsl">
      <Filter>シェーダーファイル\Object2d</Filter>
    </FxCompile>
  </ItemGroup>
</Project>